
Microsoft Visual Studio Solution File, Format Version 12.00
# Visual Studio 15
VisualStudioVersion = 15.0.28307.1062
MinimumVisualStudioVersion = 10.0.40219.1
Project("{8BC9CEB8-8B4A-11D0-8D11-00A0C91BC942}") = "HaifaPort", "HaifaPort\HaifaPort.vcxproj", "{3E06ADB3-9F01-4E8E-975B-D5EC967454F7}"
EndProject
Project("{8BC9CEB8-8B4A-11D0-8D11-00A0C91BC942}") = "EilatPort", "EilatPort\EilatPort.vcxproj", "{47DB789E-FEED-49B4-BCC5-EAE96616B7F0}"
EndProject
Global
	GlobalSection(SolutionConfigurationPlatforms) = preSolution
		Debug|x64 = Debug|x64
		Debug|x86 = Debug|x86
		Release|x64 = Release|x64
		Release|x86 = Release|x86
	EndGlobalSection
	GlobalSection(ProjectConfigurationPlatforms) = postSolution
		{3E06ADB3-9F01-4E8E-975B-D5EC967454F7}.Debug|x64.ActiveCfg = Debug|x64
		{3E06ADB3-9F01-4E8E-975B-D5EC967454F7}.Debug|x64.Build.0 = Debug|x64
		{3E06ADB3-9F01-4E8E-975B-D5EC967454F7}.Debug|x86.ActiveCfg = Debug|Win32
		{3E06ADB3-9F01-4E8E-975B-D5EC967454F7}.Debug|x86.Build.0 = Debug|Win32
		{3E06ADB3-9F01-4E8E-975B-D5EC967454F7}.Release|x64.ActiveCfg = Release|x64
		{3E06ADB3-9F01-4E8E-975B-D5EC967454F7}.Release|x64.Build.0 = Release|x64
		{3E06ADB3-9F01-4E8E-975B-D5EC967454F7}.Release|x86.ActiveCfg = Release|Win32
		{3E06ADB3-9F01-4E8E-975B-D5EC967454F7}.Release|x86.Build.0 = Release|Win32
		{47DB789E-FEED-49B4-BCC5-EAE96616B7F0}.Debug|x64.ActiveCfg = Debug|x64
		{47DB789E-FEED-49B4-BCC5-EAE96616B7F0}.Debug|x64.Build.0 = Debug|x64
		{47DB789E-FEED-49B4-BCC5-EAE96616B7F0}.Debug|x86.ActiveCfg = Debug|Win32
		{47DB789E-FEED-49B4-BCC5-EAE96616B7F0}.Debug|x86.Build.0 = Debug|Win32
		{47DB789E-FEED-49B4-BCC5-EAE96616B7F0}.Release|x64.ActiveCfg = Release|x64
		{47DB789E-FEED-49B4-BCC5-EAE96616B7F0}.Release|x64.Build.0 = Release|x64
		{47DB789E-FEED-49B4-BCC5-EAE96616B7F0}.Release|x86.ActiveCfg = Release|Win32
		{47DB789E-FEED-49B4-BCC5-EAE96616B7F0}.Release|x86.Build.0 = Release|Win32
	EndGlobalSection
	GlobalSection(SolutionProperties) = preSolution
		HideSolutionNode = FALSE
	EndGlobalSection
	GlobalSection(ExtensibilityGlobals) = postSolution
		SolutionGuid = {28058199-E32D-4FA3-9A10-57DAA024D230}
	EndGlobalSection
EndGlobal
